<?xml version="1.0" encoding="UTF-8" standalone="yes" ?>
<CodeBlocks_project_file>
	<FileVersion major="1" minor="6" />
	<Project>
		<Option title="Pacman" />
		<Option pch_mode="2" />
		<Option compiler="gcc" />
		<Build>
			<Target title="Debug">
				<Option output="bin/Debug/Pacman" prefix_auto="1" extension_auto="1" />
				<Option object_output="obj/Debug/" />
				<Option type="1" />
				<Option compiler="gcc" />
				<Compiler>
					<Add option="-g" />
				</Compiler>
			</Target>
			<Target title="Release">
				<Option output="bin/Release/Pacman" prefix_auto="1" extension_auto="1" />
				<Option object_output="obj/Release/" />
				<Option type="1" />
				<Option compiler="gcc" />
				<Compiler>
					<Add option="-O2" />
				</Compiler>
				<Linker>
					<Add option="-s" />
				</Linker>
			</Target>
		</Build>
		<Compiler>
			<Add option="-Wall" />
			<Add option="-fexceptions" />
		</Compiler>
		<Unit filename="Source/Core/Engine.cpp" />
		<Unit filename="Source/Core/Engine.h" />
		<Unit filename="Source/Core/Window.cpp" />
		<Unit filename="Source/Core/Window.h" />
		<Unit filename="Source/Manager/GameManager.cpp" />
		<Unit filename="Source/Manager/GameManager.h" />
		<Unit filename="Source/Manager/LogStatus.h" />
		<Unit filename="Source/Manager/TickManager.cpp" />
		<Unit filename="Source/Manager/TickManager.h" />
		<Unit filename="Source/Map/Map.cpp" />
		<Unit filename="Source/Map/Map.h" />
		<Unit filename="Source/Object/Ghost.cpp" />
		<Unit filename="Source/Object/Ghost.h" />
		<Unit filename="Source/Object/Object.cpp" />
		<Unit filename="Source/Object/Object.h" />
		<Unit filename="Source/Object/Pacman.cpp" />
		<Unit filename="Source/Object/Pacman.h" />
		<Unit filename="Source/Texture/Entity/TextureSrc.cpp" />
		<Unit filename="Source/Texture/Entity/TextureSrc.h" />
		<Unit filename="Source/Texture/Menu/Menu.cpp" />
		<Unit filename="Source/Texture/Menu/Menu.h" />
		<Unit filename="main.cpp" />
		<Extensions />
	</Project>
</CodeBlocks_project_file>
